
Microsoft Visual Studio Solution File, Format Version 11.00
# Visual Studio 2010
Project("{FAE04EC0-301F-11D3-BF4B-00C04F79EFBC}") = "HQ40d_Diagnosztika", "HQ40d_Diagnosztika\HQ40d_Diagnosztika.csproj", "{F3A8E11D-AC72-4B93-B8B3-70BFEC44EF4B}"
EndProject
Project("{F088123C-0E9E-452A-89E6-6BA2F21D5CAC}") = "HQ40d_Diagnosztika_ModelingProject", "HQ40d_Diagnosztika_ModelingProject\HQ40d_Diagnosztika_ModelingProject.modelproj", "{10FB9A06-6B3A-4F56-824B-3884B9651F0E}"
EndProject
Global
	GlobalSection(SolutionConfigurationPlatforms) = preSolution
		Debug|Any CPU = Debug|Any CPU
		Debug|Mixed Platforms = Debug|Mixed Platforms
		Debug|x86 = Debug|x86
		Release|Any CPU = Release|Any CPU
		Release|Mixed Platforms = Release|Mixed Platforms
		Release|x86 = Release|x86
	EndGlobalSection
	GlobalSection(ProjectConfigurationPlatforms) = postSolution
		{F3A8E11D-AC72-4B93-B8B3-70BFEC44EF4B}.Debug|Any CPU.ActiveCfg = Debug|x86
		{F3A8E11D-AC72-4B93-B8B3-70BFEC44EF4B}.Debug|Mixed Platforms.ActiveCfg = Debug|x86
		{F3A8E11D-AC72-4B93-B8B3-70BFEC44EF4B}.Debug|Mixed Platforms.Build.0 = Debug|x86
		{F3A8E11D-AC72-4B93-B8B3-70BFEC44EF4B}.Debug|x86.ActiveCfg = Debug|x86
		{F3A8E11D-AC72-4B93-B8B3-70BFEC44EF4B}.Debug|x86.Build.0 = Debug|x86
		{F3A8E11D-AC72-4B93-B8B3-70BFEC44EF4B}.Release|Any CPU.ActiveCfg = Release|x86
		{F3A8E11D-AC72-4B93-B8B3-70BFEC44EF4B}.Release|Mixed Platforms.ActiveCfg = Release|x86
		{F3A8E11D-AC72-4B93-B8B3-70BFEC44EF4B}.Release|Mixed Platforms.Build.0 = Release|x86
		{F3A8E11D-AC72-4B93-B8B3-70BFEC44EF4B}.Release|x86.ActiveCfg = Release|x86
		{F3A8E11D-AC72-4B93-B8B3-70BFEC44EF4B}.Release|x86.Build.0 = Release|x86
		{10FB9A06-6B3A-4F56-824B-3884B9651F0E}.Debug|Any CPU.ActiveCfg = Debug|Any CPU
		{10FB9A06-6B3A-4F56-824B-3884B9651F0E}.Debug|Any CPU.Build.0 = Debug|Any CPU
		{10FB9A06-6B3A-4F56-824B-3884B9651F0E}.Debug|Mixed Platforms.ActiveCfg = Debug|Any CPU
		{10FB9A06-6B3A-4F56-824B-3884B9651F0E}.Debug|Mixed Platforms.Build.0 = Debug|Any CPU
		{10FB9A06-6B3A-4F56-824B-3884B9651F0E}.Debug|x86.ActiveCfg = Debug|Any CPU
		{10FB9A06-6B3A-4F56-824B-3884B9651F0E}.Release|Any CPU.ActiveCfg = Release|Any CPU
		{10FB9A06-6B3A-4F56-824B-3884B9651F0E}.Release|Any CPU.Build.0 = Release|Any CPU
		{10FB9A06-6B3A-4F56-824B-3884B9651F0E}.Release|Mixed Platforms.ActiveCfg = Release|Any CPU
		{10FB9A06-6B3A-4F56-824B-3884B9651F0E}.Release|Mixed Platforms.Build.0 = Release|Any CPU
		{10FB9A06-6B3A-4F56-824B-3884B9651F0E}.Release|x86.ActiveCfg = Release|Any CPU
	EndGlobalSection
	GlobalSection(SolutionProperties) = preSolution
		HideSolutionNode = FALSE
	EndGlobalSection
EndGlobal
